// !$*UTF8*$!
{
	archiveVersion = 1;
	classes = {
	};
	objectVersion = 51;
	objects = {

/* Begin PBXBuildFile section */
		4026842223B9E2D60053AB33 /* onboarding.yaml in Resources */ = {isa = PBXBuildFile; fileRef = 4026841F23B9E2D60053AB33 /* onboarding.yaml */; };
		402689ED2335263A00A1AD8C /* user.png in Resources */ = {isa = PBXBuildFile; fileRef = 402689EC2335263900A1AD8C /* user.png */; };
		403C3F292327E51400670237 /* mail.png in Resources */ = {isa = PBXBuildFile; fileRef = 403C3F262327E51400670237 /* mail.png */; };
		409D025B23BF3D2B00651F2B /* OnboardingBindings.swift in Sources */ = {isa = PBXBuildFile; fileRef = 409D025A23BF3D2B00651F2B /* OnboardingBindings.swift */; };
		40B7D0B523325E200081E128 /* Settings.bundle in Resources */ = {isa = PBXBuildFile; fileRef = 40B7D0B323325E200081E128 /* Settings.bundle */; };
		40B7D0BC2332BE8A0081E128 /* MainViewController+Input.swift in Sources */ = {isa = PBXBuildFile; fileRef = 40B7D0BB2332BE8A0081E128 /* MainViewController+Input.swift */; };
		40B7D0BE23334E300081E128 /* MainViewController+AliceOnboarding.swift in Sources */ = {isa = PBXBuildFile; fileRef = 40B7D0BD23334E300081E128 /* MainViewController+AliceOnboarding.swift */; };
		40B7D0C023334F330081E128 /* MainViewController+Auth.swift in Sources */ = {isa = PBXBuildFile; fileRef = 40B7D0BF23334F330081E128 /* MainViewController+Auth.swift */; };
		40B7D0C223334F970081E128 /* MainViewController+Settings.swift in Sources */ = {isa = PBXBuildFile; fileRef = 40B7D0C123334F970081E128 /* MainViewController+Settings.swift */; };
		40C75A1922D68064000950E2 /* AppDelegate.swift in Sources */ = {isa = PBXBuildFile; fileRef = 40C75A1822D68064000950E2 /* AppDelegate.swift */; };
		40C75A1E22D68064000950E2 /* Main.storyboard in Resources */ = {isa = PBXBuildFile; fileRef = 40C75A1C22D68064000950E2 /* Main.storyboard */; };
		40C75A2022D68065000950E2 /* Assets.xcassets in Resources */ = {isa = PBXBuildFile; fileRef = 40C75A1F22D68065000950E2 /* Assets.xcassets */; };
		40C75A2322D68065000950E2 /* LaunchScreen.storyboard in Resources */ = {isa = PBXBuildFile; fileRef = 40C75A2122D68065000950E2 /* LaunchScreen.storyboard */; };
		CA30F7A1234CCB9400A68B10 /* en.strings in Resources */ = {isa = PBXBuildFile; fileRef = CA30F7A0234CCB9400A68B10 /* en.strings */; };
		CA37CAA523191B9700B969BA /* ShowResultViewController.swift in Sources */ = {isa = PBXBuildFile; fileRef = CA37CAA423191B9700B969BA /* ShowResultViewController.swift */; };
		CA37CAAA231940E500B969BA /* MainViewController.swift in Sources */ = {isa = PBXBuildFile; fileRef = CA37CAA9231940E500B969BA /* MainViewController.swift */; };
		CA37CAB223195CD200B969BA /* background_image.png in Resources */ = {isa = PBXBuildFile; fileRef = CA37CAB123195CD200B969BA /* background_image.png */; };
		CA37CAB423195F2200B969BA /* alice_blanco.png in Resources */ = {isa = PBXBuildFile; fileRef = CA37CAB323195F2200B969BA /* alice_blanco.png */; };
		CAB13DBB2334E89B0076FFBB /* alice_color_no_text.png in Resources */ = {isa = PBXBuildFile; fileRef = CAB13DBA2334E89A0076FFBB /* alice_color_no_text.png */; };
		CAE37F0922FAE3680026FFA1 /* OnboardingCommandViewController.swift in Sources */ = {isa = PBXBuildFile; fileRef = CAE37F0822FAE3680026FFA1 /* OnboardingCommandViewController.swift */; };
		F64C7C61257E3F15004492B3 /* AliceOnboardingSampleAppUITests.swift in Sources */ = {isa = PBXBuildFile; fileRef = F64C7C60257E3F15004492B3 /* AliceOnboardingSampleAppUITests.swift */; };
		FC7D639D8407CC246DA04020 /* libPods-AliceOnboardingSampleApp.a in Frameworks */ = {isa = PBXBuildFile; fileRef = D227801A9D2A6FCDBFAC6BCE /* libPods-AliceOnboardingSampleApp.a */; };
/* End PBXBuildFile section */

/* Begin PBXContainerItemProxy section */
		40C2B51223FEEDA200E17C8E /* PBXContainerItemProxy */ = {
			isa = PBXContainerItemProxy;
			containerPortal = CAB6026722DCEAEE00A3FD43 /* AliceOnboarding.xcodeproj */;
			proxyType = 2;
			remoteGlobalIDString = 40C75A4222D680BA000950E2;
			remoteInfo = AliceOnboarding;
		};
		40C2B51423FEEDA200E17C8E /* PBXContainerItemProxy */ = {
			isa = PBXContainerItemProxy;
			containerPortal = CAB6026722DCEAEE00A3FD43 /* AliceOnboarding.xcodeproj */;
			proxyType = 2;
			remoteGlobalIDString = 40C75A4B22D680BB000950E2;
			remoteInfo = AliceOnboardingTests;
		};
		F64C7C63257E3F15004492B3 /* PBXContainerItemProxy */ = {
			isa = PBXContainerItemProxy;
			containerPortal = 40C75A0D22D68064000950E2 /* Project object */;
			proxyType = 1;
			remoteGlobalIDString = 40C75A1422D68064000950E2;
			remoteInfo = AppOnboardingSample;
		};
/* End PBXContainerItemProxy section */

/* Begin PBXFileReference section */
		1CCEB15E238D9542004E0A2A /* en */ = {isa = PBXFileReference; lastKnownFileType = file.storyboard; name = en; path = en.lproj/LaunchScreen.storyboard; sourceTree = "<group>"; };
		1CCEB161238D9542004E0A2A /* en */ = {isa = PBXFileReference; lastKnownFileType = file.storyboard; name = en; path = en.lproj/Main.storyboard; sourceTree = "<group>"; };
		1CCEB162238D95AA004E0A2A /* es */ = {isa = PBXFileReference; lastKnownFileType = file.storyboard; name = es; path = es.lproj/Main.storyboard; sourceTree = "<group>"; };
		1CCEB163238D95AA004E0A2A /* es */ = {isa = PBXFileReference; lastKnownFileType = file.storyboard; name = es; path = es.lproj/LaunchScreen.storyboard; sourceTree = "<group>"; };
		4026841F23B9E2D60053AB33 /* onboarding.yaml */ = {isa = PBXFileReference; fileEncoding = 4; lastKnownFileType = text.yaml; path = onboarding.yaml; sourceTree = "<group>"; };
		402689EC2335263900A1AD8C /* user.png */ = {isa = PBXFileReference; lastKnownFileType = image.png; path = user.png; sourceTree = "<group>"; };
		403C3F262327E51400670237 /* mail.png */ = {isa = PBXFileReference; lastKnownFileType = image.png; path = mail.png; sourceTree = "<group>"; };
		409D025A23BF3D2B00651F2B /* OnboardingBindings.swift */ = {isa = PBXFileReference; lastKnownFileType = sourcecode.swift; path = OnboardingBindings.swift; sourceTree = "<group>"; };
		40B7D0B323325E200081E128 /* Settings.bundle */ = {isa = PBXFileReference; lastKnownFileType = "wrapper.plug-in"; path = Settings.bundle; sourceTree = "<group>"; };
		40B7D0BB2332BE8A0081E128 /* MainViewController+Input.swift */ = {isa = PBXFileReference; lastKnownFileType = sourcecode.swift; path = "MainViewController+Input.swift"; sourceTree = "<group>"; };
		40B7D0BD23334E300081E128 /* MainViewController+AliceOnboarding.swift */ = {isa = PBXFileReference; lastKnownFileType = sourcecode.swift; path = "MainViewController+AliceOnboarding.swift"; sourceTree = "<group>"; };
		40B7D0BF23334F330081E128 /* MainViewController+Auth.swift */ = {isa = PBXFileReference; lastKnownFileType = sourcecode.swift; path = "MainViewController+Auth.swift"; sourceTree = "<group>"; };
		40B7D0C123334F970081E128 /* MainViewController+Settings.swift */ = {isa = PBXFileReference; lastKnownFileType = sourcecode.swift; path = "MainViewController+Settings.swift"; sourceTree = "<group>"; };
		40C75A1522D68064000950E2 /* AliceOnboardingSampleApp.app */ = {isa = PBXFileReference; explicitFileType = wrapper.application; includeInIndex = 0; path = AliceOnboardingSampleApp.app; sourceTree = BUILT_PRODUCTS_DIR; };
		40C75A1822D68064000950E2 /* AppDelegate.swift */ = {isa = PBXFileReference; lastKnownFileType = sourcecode.swift; path = AppDelegate.swift; sourceTree = "<group>"; };
		40C75A1F22D68065000950E2 /* Assets.xcassets */ = {isa = PBXFileReference; lastKnownFileType = folder.assetcatalog; path = Assets.xcassets; sourceTree = "<group>"; };
		40C75A2422D68065000950E2 /* Info.plist */ = {isa = PBXFileReference; lastKnownFileType = text.plist.xml; path = Info.plist; sourceTree = "<group>"; };
		C4432CF8E0DCF655D3E6AEBD /* Pods-AliceOnboardingSampleApp.release.xcconfig */ = {isa = PBXFileReference; includeInIndex = 1; lastKnownFileType = text.xcconfig; name = "Pods-AliceOnboardingSampleApp.release.xcconfig"; path = "Target Support Files/Pods-AliceOnboardingSampleApp/Pods-AliceOnboardingSampleApp.release.xcconfig"; sourceTree = "<group>"; };
		CA30F7A0234CCB9400A68B10 /* en.strings */ = {isa = PBXFileReference; fileEncoding = 4; lastKnownFileType = text.plist.strings; path = en.strings; sourceTree = "<group>"; };
		CA37CAA423191B9700B969BA /* ShowResultViewController.swift */ = {isa = PBXFileReference; lastKnownFileType = sourcecode.swift; path = ShowResultViewController.swift; sourceTree = "<group>"; };
		CA37CAA9231940E500B969BA /* MainViewController.swift */ = {isa = PBXFileReference; lastKnownFileType = sourcecode.swift; path = MainViewController.swift; sourceTree = "<group>"; };
		CA37CAB123195CD200B969BA /* background_image.png */ = {isa = PBXFileReference; lastKnownFileType = image.png; path = background_image.png; sourceTree = "<group>"; };
		CA37CAB323195F2200B969BA /* alice_blanco.png */ = {isa = PBXFileReference; lastKnownFileType = image.png; path = alice_blanco.png; sourceTree = "<group>"; };
		CAB13DBA2334E89A0076FFBB /* alice_color_no_text.png */ = {isa = PBXFileReference; lastKnownFileType = image.png; path = alice_color_no_text.png; sourceTree = "<group>"; };
		CAB6026722DCEAEE00A3FD43 /* AliceOnboarding.xcodeproj */ = {isa = PBXFileReference; lastKnownFileType = "wrapper.pb-project"; name = AliceOnboarding.xcodeproj; path = ../Onboarding/AliceOnboarding.xcodeproj; sourceTree = "<group>"; };
		CAE37F0822FAE3680026FFA1 /* OnboardingCommandViewController.swift */ = {isa = PBXFileReference; fileEncoding = 4; lastKnownFileType = sourcecode.swift; path = OnboardingCommandViewController.swift; sourceTree = "<group>"; };
		D227801A9D2A6FCDBFAC6BCE /* libPods-AliceOnboardingSampleApp.a */ = {isa = PBXFileReference; explicitFileType = archive.ar; includeInIndex = 0; path = "libPods-AliceOnboardingSampleApp.a"; sourceTree = BUILT_PRODUCTS_DIR; };
		DCD42AD6BA3B1DA2F2CCBEE1 /* Pods-AliceOnboardingSampleApp.debug.xcconfig */ = {isa = PBXFileReference; includeInIndex = 1; lastKnownFileType = text.xcconfig; name = "Pods-AliceOnboardingSampleApp.debug.xcconfig"; path = "Target Support Files/Pods-AliceOnboardingSampleApp/Pods-AliceOnboardingSampleApp.debug.xcconfig"; sourceTree = "<group>"; };
		F64C7C5E257E3F15004492B3 /* AliceOnboardingSampleAppUITests.xctest */ = {isa = PBXFileReference; explicitFileType = wrapper.cfbundle; includeInIndex = 0; path = AliceOnboardingSampleAppUITests.xctest; sourceTree = BUILT_PRODUCTS_DIR; };
		F64C7C60257E3F15004492B3 /* AliceOnboardingSampleAppUITests.swift */ = {isa = PBXFileReference; lastKnownFileType = sourcecode.swift; path = AliceOnboardingSampleAppUITests.swift; sourceTree = "<group>"; };
		F64C7C62257E3F15004492B3 /* Info.plist */ = {isa = PBXFileReference; lastKnownFileType = text.plist.xml; path = Info.plist; sourceTree = "<group>"; };
/* End PBXFileReference section */

/* Begin PBXFrameworksBuildPhase section */
		40C75A1222D68064000950E2 /* Frameworks */ = {
			isa = PBXFrameworksBuildPhase;
			buildActionMask = 2147483647;
			files = (
				FC7D639D8407CC246DA04020 /* libPods-AliceOnboardingSampleApp.a in Frameworks */,
			);
			runOnlyForDeploymentPostprocessing = 0;
		};
		F64C7C5B257E3F15004492B3 /* Frameworks */ = {
			isa = PBXFrameworksBuildPhase;
			buildActionMask = 2147483647;
			files = (
			);
			runOnlyForDeploymentPostprocessing = 0;
		};
/* End PBXFrameworksBuildPhase section */

/* Begin PBXGroup section */
		40B563242327822C00246D98 /* Resources */ = {
			isa = PBXGroup;
			children = (
				CAB13DBA2334E89A0076FFBB /* alice_color_no_text.png */,
				402689EC2335263900A1AD8C /* user.png */,
				403C3F262327E51400670237 /* mail.png */,
				CA37CAB123195CD200B969BA /* background_image.png */,
				CA37CAB323195F2200B969BA /* alice_blanco.png */,
			);
			path = Resources;
			sourceTree = "<group>";
		};
		40B7D0B82332BE5A0081E128 /* MainView */ = {
			isa = PBXGroup;
			children = (
				CA37CAA9231940E500B969BA /* MainViewController.swift */,
				40B7D0BB2332BE8A0081E128 /* MainViewController+Input.swift */,
				40B7D0BD23334E300081E128 /* MainViewController+AliceOnboarding.swift */,
				40B7D0BF23334F330081E128 /* MainViewController+Auth.swift */,
				40B7D0C123334F970081E128 /* MainViewController+Settings.swift */,
			);
			path = MainView;
			sourceTree = "<group>";
		};
		40C2B50E23FEEDA100E17C8E /* Products */ = {
			isa = PBXGroup;
			children = (
				40C2B51323FEEDA200E17C8E /* AliceOnboarding.framework */,
				40C2B51523FEEDA200E17C8E /* AliceOnboardingTests.xctest */,
			);
			name = Products;
			sourceTree = "<group>";
		};
		40C75A0C22D68064000950E2 = {
			isa = PBXGroup;
			children = (
				CA30F7A4234CF4D500A68B10 /* CustomLanguage */,
				40C75A1722D68064000950E2 /* AliceOnboardingSampleApp */,
				F64C7C5F257E3F15004492B3 /* AliceOnboardingSampleAppUITests */,
				40C75A1622D68064000950E2 /* Products */,
				DF71B1D60859A533D8B71327 /* Frameworks */,
				F8E9941311B9621370938E0F /* Pods */,
			);
			sourceTree = "<group>";
		};
		40C75A1622D68064000950E2 /* Products */ = {
			isa = PBXGroup;
			children = (
				40C75A1522D68064000950E2 /* AliceOnboardingSampleApp.app */,
				F64C7C5E257E3F15004492B3 /* AliceOnboardingSampleAppUITests.xctest */,
			);
			name = Products;
			sourceTree = "<group>";
		};
		40C75A1722D68064000950E2 /* AliceOnboardingSampleApp */ = {
			isa = PBXGroup;
			children = (
				4026841F23B9E2D60053AB33 /* onboarding.yaml */,
				40C75A1822D68064000950E2 /* AppDelegate.swift */,
				40C75A1C22D68064000950E2 /* Main.storyboard */,
				40C75A2122D68065000950E2 /* LaunchScreen.storyboard */,
				40B7D0B323325E200081E128 /* Settings.bundle */,
				40C75A1F22D68065000950E2 /* Assets.xcassets */,
				40C75A2422D68065000950E2 /* Info.plist */,
				40B7D0B82332BE5A0081E128 /* MainView */,
				CA37CAA423191B9700B969BA /* ShowResultViewController.swift */,
				CAE37F0822FAE3680026FFA1 /* OnboardingCommandViewController.swift */,
				40B563242327822C00246D98 /* Resources */,
				409D025A23BF3D2B00651F2B /* OnboardingBindings.swift */,
			);
			path = AliceOnboardingSampleApp;
			sourceTree = "<group>";
		};
		CA30F7A4234CF4D500A68B10 /* CustomLanguage */ = {
			isa = PBXGroup;
			children = (
				CA30F7A0234CCB9400A68B10 /* en.strings */,
			);
			path = CustomLanguage;
			sourceTree = "<group>";
		};
		DF71B1D60859A533D8B71327 /* Frameworks */ = {
			isa = PBXGroup;
			children = (
				CAB6026722DCEAEE00A3FD43 /* AliceOnboarding.xcodeproj */,
				D227801A9D2A6FCDBFAC6BCE /* libPods-AliceOnboardingSampleApp.a */,
			);
			name = Frameworks;
			sourceTree = "<group>";
		};
		F64C7C5F257E3F15004492B3 /* AliceOnboardingSampleAppUITests */ = {
			isa = PBXGroup;
			children = (
				F64C7C60257E3F15004492B3 /* AliceOnboardingSampleAppUITests.swift */,
				F64C7C62257E3F15004492B3 /* Info.plist */,
			);
			path = AliceOnboardingSampleAppUITests;
			sourceTree = "<group>";
		};
		F8E9941311B9621370938E0F /* Pods */ = {
			isa = PBXGroup;
			children = (
				DCD42AD6BA3B1DA2F2CCBEE1 /* Pods-AliceOnboardingSampleApp.debug.xcconfig */,
				C4432CF8E0DCF655D3E6AEBD /* Pods-AliceOnboardingSampleApp.release.xcconfig */,
			);
			path = Pods;
			sourceTree = "<group>";
		};
/* End PBXGroup section */

/* Begin PBXNativeTarget section */
		40C75A1422D68064000950E2 /* AliceOnboardingSampleApp */ = {
			isa = PBXNativeTarget;
			buildConfigurationList = 40C75A3222D68065000950E2 /* Build configuration list for PBXNativeTarget "AliceOnboardingSampleApp" */;
			buildPhases = (
				769C673A83B041007C0F3A2B /* [CP] Check Pods Manifest.lock */,
				40C75A1122D68064000950E2 /* Sources */,
				40C75A1222D68064000950E2 /* Frameworks */,
				40C75A1322D68064000950E2 /* Resources */,
				0D8DF7BFE3D65DBC7C8BE31D /* [CP] Embed Pods Frameworks */,
			);
			buildRules = (
			);
			dependencies = (
			);
			name = AliceOnboardingSampleApp;
			productName = AppOnboardingSample;
			productReference = 40C75A1522D68064000950E2 /* AliceOnboardingSampleApp.app */;
			productType = "com.apple.product-type.application";
		};
		F64C7C5D257E3F15004492B3 /* AliceOnboardingSampleAppUITests */ = {
			isa = PBXNativeTarget;
			buildConfigurationList = F64C7C65257E3F15004492B3 /* Build configuration list for PBXNativeTarget "AliceOnboardingSampleAppUITests" */;
			buildPhases = (
				F64C7C5A257E3F15004492B3 /* Sources */,
				F64C7C5B257E3F15004492B3 /* Frameworks */,
				F64C7C5C257E3F15004492B3 /* Resources */,
			);
			buildRules = (
			);
			dependencies = (
				F64C7C64257E3F15004492B3 /* PBXTargetDependency */,
			);
			name = AliceOnboardingSampleAppUITests;
			productName = AppOnboardingSampleUITests;
			productReference = F64C7C5E257E3F15004492B3 /* AliceOnboardingSampleAppUITests.xctest */;
			productType = "com.apple.product-type.bundle.ui-testing";
		};
/* End PBXNativeTarget section */

/* Begin PBXProject section */
		40C75A0D22D68064000950E2 /* Project object */ = {
			isa = PBXProject;
			attributes = {
				LastSwiftUpdateCheck = 1220;
				LastUpgradeCheck = 1010;
				ORGANIZATIONNAME = ALiCE;
				TargetAttributes = {
					40C75A1422D68064000950E2 = {
						CreatedOnToolsVersion = 10.1;
					};
					F64C7C5D257E3F15004492B3 = {
						CreatedOnToolsVersion = 12.2;
						TestTargetID = 40C75A1422D68064000950E2;
					};
				};
			};
			buildConfigurationList = 40C75A1022D68064000950E2 /* Build configuration list for PBXProject "AliceOnboardingSampleApp" */;
			compatibilityVersion = "Xcode 9.3";
			developmentRegion = en;
			hasScannedForEncodings = 0;
			knownRegions = (
				en,
				es,
			);
			mainGroup = 40C75A0C22D68064000950E2;
			productRefGroup = 40C75A1622D68064000950E2 /* Products */;
			projectDirPath = "";
			projectReferences = (
				{
					ProductGroup = 40C2B50E23FEEDA100E17C8E /* Products */;
					ProjectRef = CAB6026722DCEAEE00A3FD43 /* AliceOnboarding.xcodeproj */;
				},
			);
			projectRoot = "";
			targets = (
				40C75A1422D68064000950E2 /* AliceOnboardingSampleApp */,
				F64C7C5D257E3F15004492B3 /* AliceOnboardingSampleAppUITests */,
			);
		};
/* End PBXProject section */

/* Begin PBXReferenceProxy section */
		40C2B51323FEEDA200E17C8E /* AliceOnboarding.framework */ = {
			isa = PBXReferenceProxy;
			fileType = wrapper.framework;
			path = AliceOnboarding.framework;
			remoteRef = 40C2B51223FEEDA200E17C8E /* PBXContainerItemProxy */;
			sourceTree = BUILT_PRODUCTS_DIR;
		};
		40C2B51523FEEDA200E17C8E /* AliceOnboardingTests.xctest */ = {
			isa = PBXReferenceProxy;
			fileType = wrapper.cfbundle;
			path = AliceOnboardingTests.xctest;
			remoteRef = 40C2B51423FEEDA200E17C8E /* PBXContainerItemProxy */;
			sourceTree = BUILT_PRODUCTS_DIR;
		};
/* End PBXReferenceProxy section */

/* Begin PBXResourcesBuildPhase section */
		40C75A1322D68064000950E2 /* Resources */ = {
			isa = PBXResourcesBuildPhase;
			buildActionMask = 2147483647;
			files = (
				40B7D0B523325E200081E128 /* Settings.bundle in Resources */,
				403C3F292327E51400670237 /* mail.png in Resources */,
				402689ED2335263A00A1AD8C /* user.png in Resources */,
				CA37CAB423195F2200B969BA /* alice_blanco.png in Resources */,
				4026842223B9E2D60053AB33 /* onboarding.yaml in Resources */,
				40C75A2322D68065000950E2 /* LaunchScreen.storyboard in Resources */,
				40C75A2022D68065000950E2 /* Assets.xcassets in Resources */,
				40C75A1E22D68064000950E2 /* Main.storyboard in Resources */,
				CAB13DBB2334E89B0076FFBB /* alice_color_no_text.png in Resources */,
				CA37CAB223195CD200B969BA /* background_image.png in Resources */,
				CA30F7A1234CCB9400A68B10 /* en.strings in Resources */,
			);
			runOnlyForDeploymentPostprocessing = 0;
		};
		F64C7C5C257E3F15004492B3 /* Resources */ = {
			isa = PBXResourcesBuildPhase;
			buildActionMask = 2147483647;
			files = (
			);
			runOnlyForDeploymentPostprocessing = 0;
		};
/* End PBXResourcesBuildPhase section */

/* Begin PBXShellScriptBuildPhase section */
		0D8DF7BFE3D65DBC7C8BE31D /* [CP] Embed Pods Frameworks */ = {
			isa = PBXShellScriptBuildPhase;
			buildActionMask = 2147483647;
			files = (
			);
			inputFileListPaths = (
				"${PODS_ROOT}/Target Support Files/Pods-AliceOnboardingSampleApp/Pods-AliceOnboardingSampleApp-frameworks-${CONFIGURATION}-input-files.xcfilelist",
			);
			name = "[CP] Embed Pods Frameworks";
			outputFileListPaths = (
				"${PODS_ROOT}/Target Support Files/Pods-AliceOnboardingSampleApp/Pods-AliceOnboardingSampleApp-frameworks-${CONFIGURATION}-output-files.xcfilelist",
			);
			runOnlyForDeploymentPostprocessing = 0;
			shellPath = /bin/sh;
			shellScript = "\"${PODS_ROOT}/Target Support Files/Pods-AliceOnboardingSampleApp/Pods-AliceOnboardingSampleApp-frameworks.sh\"\n";
			showEnvVarsInLog = 0;
		};
		769C673A83B041007C0F3A2B /* [CP] Check Pods Manifest.lock */ = {
			isa = PBXShellScriptBuildPhase;
			buildActionMask = 2147483647;
			files = (
			);
			inputFileListPaths = (
			);
			inputPaths = (
				"${PODS_PODFILE_DIR_PATH}/Podfile.lock",
				"${PODS_ROOT}/Manifest.lock",
			);
			name = "[CP] Check Pods Manifest.lock";
			outputFileListPaths = (
			);
			outputPaths = (
				"$(DERIVED_FILE_DIR)/Pods-AliceOnboardingSampleApp-checkManifestLockResult.txt",
			);
			runOnlyForDeploymentPostprocessing = 0;
			shellPath = /bin/sh;
			shellScript = "diff \"${PODS_PODFILE_DIR_PATH}/Podfile.lock\" \"${PODS_ROOT}/Manifest.lock\" > /dev/null\nif [ $? != 0 ] ; then\n    # print error to STDERR\n    echo \"error: The sandbox is not in sync with the Podfile.lock. Run 'pod install' or update your CocoaPods installation.\" >&2\n    exit 1\nfi\n# This output is used by Xcode 'outputs' to avoid re-running this script phase.\necho \"SUCCESS\" > \"${SCRIPT_OUTPUT_FILE_0}\"\n";
			showEnvVarsInLog = 0;
		};
/* End PBXShellScriptBuildPhase section */

/* Begin PBXSourcesBuildPhase section */
		40C75A1122D68064000950E2 /* Sources */ = {
			isa = PBXSourcesBuildPhase;
			buildActionMask = 2147483647;
			files = (
				40B7D0C023334F330081E128 /* MainViewController+Auth.swift in Sources */,
				40B7D0BE23334E300081E128 /* MainViewController+AliceOnboarding.swift in Sources */,
				CAE37F0922FAE3680026FFA1 /* OnboardingCommandViewController.swift in Sources */,
				40C75A1922D68064000950E2 /* AppDelegate.swift in Sources */,
				40B7D0BC2332BE8A0081E128 /* MainViewController+Input.swift in Sources */,
				409D025B23BF3D2B00651F2B /* OnboardingBindings.swift in Sources */,
				40B7D0C223334F970081E128 /* MainViewController+Settings.swift in Sources */,
				CA37CAA523191B9700B969BA /* ShowResultViewController.swift in Sources */,
				CA37CAAA231940E500B969BA /* MainViewController.swift in Sources */,
			);
			runOnlyForDeploymentPostprocessing = 0;
		};
		F64C7C5A257E3F15004492B3 /* Sources */ = {
			isa = PBXSourcesBuildPhase;
			buildActionMask = 2147483647;
			files = (
				F64C7C61257E3F15004492B3 /* AliceOnboardingSampleAppUITests.swift in Sources */,
			);
			runOnlyForDeploymentPostprocessing = 0;
		};
/* End PBXSourcesBuildPhase section */

/* Begin PBXTargetDependency section */
		F64C7C64257E3F15004492B3 /* PBXTargetDependency */ = {
			isa = PBXTargetDependency;
			target = 40C75A1422D68064000950E2 /* AliceOnboardingSampleApp */;
			targetProxy = F64C7C63257E3F15004492B3 /* PBXContainerItemProxy */;
		};
/* End PBXTargetDependency section */

/* Begin PBXVariantGroup section */
		40C75A1C22D68064000950E2 /* Main.storyboard */ = {
			isa = PBXVariantGroup;
			children = (
				1CCEB161238D9542004E0A2A /* en */,
				1CCEB162238D95AA004E0A2A /* es */,
			);
			name = Main.storyboard;
			sourceTree = "<group>";
		};
		40C75A2122D68065000950E2 /* LaunchScreen.storyboard */ = {
			isa = PBXVariantGroup;
			children = (
				1CCEB15E238D9542004E0A2A /* en */,
				1CCEB163238D95AA004E0A2A /* es */,
			);
			name = LaunchScreen.storyboard;
			sourceTree = "<group>";
		};
/* End PBXVariantGroup section */

/* Begin XCBuildConfiguration section */
		40C75A3022D68065000950E2 /* Debug */ = {
			isa = XCBuildConfiguration;
			buildSettings = {
				ALWAYS_EMBED_SWIFT_STANDARD_LIBRARIES = "$(inherited)";
				ALWAYS_SEARCH_USER_PATHS = NO;
				CLANG_ANALYZER_LOCALIZABILITY_NONLOCALIZED = YES;
				CLANG_ANALYZER_NONNULL = YES;
				CLANG_ANALYZER_NUMBER_OBJECT_CONVERSION = YES_AGGRESSIVE;
				CLANG_CXX_LANGUAGE_STANDARD = "gnu++14";
				CLANG_CXX_LIBRARY = "libc++";
				CLANG_ENABLE_MODULES = YES;
				CLANG_ENABLE_OBJC_ARC = YES;
				CLANG_ENABLE_OBJC_WEAK = YES;
				CLANG_WARN_BLOCK_CAPTURE_AUTORELEASING = YES;
				CLANG_WARN_BOOL_CONVERSION = YES;
				CLANG_WARN_COMMA = YES;
				CLANG_WARN_CONSTANT_CONVERSION = YES;
				CLANG_WARN_DEPRECATED_OBJC_IMPLEMENTATIONS = YES;
				CLANG_WARN_DIRECT_OBJC_ISA_USAGE = YES_ERROR;
				CLANG_WARN_DOCUMENTATION_COMMENTS = YES;
				CLANG_WARN_EMPTY_BODY = YES;
				CLANG_WARN_ENUM_CONVERSION = YES;
				CLANG_WARN_INFINITE_RECURSION = YES;
				CLANG_WARN_INT_CONVERSION = YES;
				CLANG_WARN_NON_LITERAL_NULL_CONVERSION = YES;
				CLANG_WARN_OBJC_IMPLICIT_RETAIN_SELF = YES;
				CLANG_WARN_OBJC_LITERAL_CONVERSION = YES;
				CLANG_WARN_OBJC_ROOT_CLASS = YES_ERROR;
				CLANG_WARN_RANGE_LOOP_ANALYSIS = YES;
				CLANG_WARN_STRICT_PROTOTYPES = YES;
				CLANG_WARN_SUSPICIOUS_MOVE = YES;
				CLANG_WARN_UNGUARDED_AVAILABILITY = YES_AGGRESSIVE;
				CLANG_WARN_UNREACHABLE_CODE = YES;
				CLANG_WARN__DUPLICATE_METHOD_MATCH = YES;
				CODE_SIGN_IDENTITY = "iPhone Developer";
				COPY_PHASE_STRIP = NO;
				DEBUG_INFORMATION_FORMAT = dwarf;
				ENABLE_STRICT_OBJC_MSGSEND = YES;
				ENABLE_TESTABILITY = YES;
				GCC_C_LANGUAGE_STANDARD = gnu11;
				GCC_DYNAMIC_NO_PIC = NO;
				GCC_NO_COMMON_BLOCKS = YES;
				GCC_OPTIMIZATION_LEVEL = 0;
				GCC_PREPROCESSOR_DEFINITIONS = (
					"DEBUG=1",
					"$(inherited)",
				);
				GCC_WARN_64_TO_32_BIT_CONVERSION = YES;
				GCC_WARN_ABOUT_RETURN_TYPE = YES_ERROR;
				GCC_WARN_UNDECLARED_SELECTOR = YES;
				GCC_WARN_UNINITIALIZED_AUTOS = YES_AGGRESSIVE;
				GCC_WARN_UNUSED_FUNCTION = YES;
				GCC_WARN_UNUSED_VARIABLE = YES;
				IPHONEOS_DEPLOYMENT_TARGET = 12.1;
				MTL_ENABLE_DEBUG_INFO = INCLUDE_SOURCE;
				MTL_FAST_MATH = YES;
				ONLY_ACTIVE_ARCH = YES;
				SDKROOT = iphoneos;
				SWIFT_ACTIVE_COMPILATION_CONDITIONS = DEBUG;
				SWIFT_OPTIMIZATION_LEVEL = "-Onone";
				SWIFT_VERSION = 5.0;
			};
			name = Debug;
		};
		40C75A3122D68065000950E2 /* Release */ = {
			isa = XCBuildConfiguration;
			buildSettings = {
				ALWAYS_EMBED_SWIFT_STANDARD_LIBRARIES = "$(inherited)";
				ALWAYS_SEARCH_USER_PATHS = NO;
				CLANG_ANALYZER_LOCALIZABILITY_NONLOCALIZED = YES;
				CLANG_ANALYZER_NONNULL = YES;
				CLANG_ANALYZER_NUMBER_OBJECT_CONVERSION = YES_AGGRESSIVE;
				CLANG_CXX_LANGUAGE_STANDARD = "gnu++14";
				CLANG_CXX_LIBRARY = "libc++";
				CLANG_ENABLE_MODULES = YES;
				CLANG_ENABLE_OBJC_ARC = YES;
				CLANG_ENABLE_OBJC_WEAK = YES;
				CLANG_WARN_BLOCK_CAPTURE_AUTORELEASING = YES;
				CLANG_WARN_BOOL_CONVERSION = YES;
				CLANG_WARN_COMMA = YES;
				CLANG_WARN_CONSTANT_CONVERSION = YES;
				CLANG_WARN_DEPRECATED_OBJC_IMPLEMENTATIONS = YES;
				CLANG_WARN_DIRECT_OBJC_ISA_USAGE = YES_ERROR;
				CLANG_WARN_DOCUMENTATION_COMMENTS = YES;
				CLANG_WARN_EMPTY_BODY = YES;
				CLANG_WARN_ENUM_CONVERSION = YES;
				CLANG_WARN_INFINITE_RECURSION = YES;
				CLANG_WARN_INT_CONVERSION = YES;
				CLANG_WARN_NON_LITERAL_NULL_CONVERSION = YES;
				CLANG_WARN_OBJC_IMPLICIT_RETAIN_SELF = YES;
				CLANG_WARN_OBJC_LITERAL_CONVERSION = YES;
				CLANG_WARN_OBJC_ROOT_CLASS = YES_ERROR;
				CLANG_WARN_RANGE_LOOP_ANALYSIS = YES;
				CLANG_WARN_STRICT_PROTOTYPES = YES;
				CLANG_WARN_SUSPICIOUS_MOVE = YES;
				CLANG_WARN_UNGUARDED_AVAILABILITY = YES_AGGRESSIVE;
				CLANG_WARN_UNREACHABLE_CODE = YES;
				CLANG_WARN__DUPLICATE_METHOD_MATCH = YES;
				CODE_SIGN_IDENTITY = "iPhone Developer";
				COPY_PHASE_STRIP = NO;
				DEBUG_INFORMATION_FORMAT = "dwarf-with-dsym";
				ENABLE_NS_ASSERTIONS = NO;
				ENABLE_STRICT_OBJC_MSGSEND = YES;
				GCC_C_LANGUAGE_STANDARD = gnu11;
				GCC_NO_COMMON_BLOCKS = YES;
				GCC_WARN_64_TO_32_BIT_CONVERSION = YES;
				GCC_WARN_ABOUT_RETURN_TYPE = YES_ERROR;
				GCC_WARN_UNDECLARED_SELECTOR = YES;
				GCC_WARN_UNINITIALIZED_AUTOS = YES_AGGRESSIVE;
				GCC_WARN_UNUSED_FUNCTION = YES;
				GCC_WARN_UNUSED_VARIABLE = YES;
				IPHONEOS_DEPLOYMENT_TARGET = 12.1;
				MTL_ENABLE_DEBUG_INFO = NO;
				MTL_FAST_MATH = YES;
				SDKROOT = iphoneos;
				SWIFT_COMPILATION_MODE = wholemodule;
				SWIFT_OPTIMIZATION_LEVEL = "-O";
				SWIFT_VERSION = 5.0;
				VALIDATE_PRODUCT = YES;
			};
			name = Release;
		};
		40C75A3322D68065000950E2 /* Debug */ = {
			isa = XCBuildConfiguration;
			baseConfigurationReference = DCD42AD6BA3B1DA2F2CCBEE1 /* Pods-AliceOnboardingSampleApp.debug.xcconfig */;
			buildSettings = {
				ALWAYS_EMBED_SWIFT_STANDARD_LIBRARIES = "$(inherited)";
				ASSETCATALOG_COMPILER_APPICON_NAME = AppIcon;
				BUILD_LIBRARY_FOR_DISTRIBUTION = NO;
				CODE_SIGN_IDENTITY = "iPhone Developer";
				CODE_SIGN_STYLE = Automatic;
				DEVELOPMENT_TEAM = SGKK6NT52S;
				INFOPLIST_FILE = AliceOnboardingSampleApp/Info.plist;
				IPHONEOS_DEPLOYMENT_TARGET = 12.1;
				LD_RUNPATH_SEARCH_PATHS = (
					"$(inherited)",
					"@executable_path/Frameworks",
				);
				ONLY_ACTIVE_ARCH = YES;
				PRODUCT_BUNDLE_IDENTIFIER = com.alicebiometrics.Onboarding;
				PRODUCT_NAME = "$(TARGET_NAME)";
				PROVISIONING_PROFILE_SPECIFIER = "";
				SWIFT_VERSION = 4.2;
				TARGETED_DEVICE_FAMILY = "1,2";
			};
			name = Debug;
		};
		40C75A3422D68065000950E2 /* Release */ = {
			isa = XCBuildConfiguration;
			baseConfigurationReference = C4432CF8E0DCF655D3E6AEBD /* Pods-AliceOnboardingSampleApp.release.xcconfig */;
			buildSettings = {
				ALWAYS_EMBED_SWIFT_STANDARD_LIBRARIES = "$(inherited)";
				ASSETCATALOG_COMPILER_APPICON_NAME = AppIcon;
				BUILD_LIBRARY_FOR_DISTRIBUTION = NO;
				CODE_SIGN_IDENTITY = "iPhone Developer";
				CODE_SIGN_STYLE = Automatic;
				DEVELOPMENT_TEAM = SGKK6NT52S;
				INFOPLIST_FILE = AliceOnboardingSampleApp/Info.plist;
				IPHONEOS_DEPLOYMENT_TARGET = 12.1;
				LD_RUNPATH_SEARCH_PATHS = (
					"$(inherited)",
					"@executable_path/Frameworks",
				);
				ONLY_ACTIVE_ARCH = NO;
				PRODUCT_BUNDLE_IDENTIFIER = com.alicebiometrics.Onboarding;
				PRODUCT_NAME = "$(TARGET_NAME)";
				PROVISIONING_PROFILE_SPECIFIER = "";
				SWIFT_VERSION = 4.2;
				TARGETED_DEVICE_FAMILY = "1,2";
			};
			name = Release;
		};
		F64C7C66257E3F15004492B3 /* Debug */ = {
			isa = XCBuildConfiguration;
			buildSettings = {
				CLANG_WARN_QUOTED_INCLUDE_IN_FRAMEWORK_HEADER = YES;
				CODE_SIGN_STYLE = Automatic;
				DEVELOPMENT_TEAM = SGKK6NT52S;
				INFOPLIST_FILE = AliceOnboardingSampleAppUITests/Info.plist;
				IPHONEOS_DEPLOYMENT_TARGET = 14.2;
				LD_RUNPATH_SEARCH_PATHS = (
					"$(inherited)",
					"@executable_path/Frameworks",
					"@loader_path/Frameworks",
				);
				PRODUCT_BUNDLE_IDENTIFIER = com.alicebiometrics.AliceOnboardingSampleAppUITests.AliceOnboardingSampleAppUITests;
				PRODUCT_NAME = "$(TARGET_NAME)";
				SWIFT_VERSION = 5.0;
				TARGETED_DEVICE_FAMILY = "1,2";
				TEST_TARGET_NAME = AliceOnboardingSampleApp;
			};
			name = Debug;
		};
		F64C7C67257E3F15004492B3 /* Release */ = {
			isa = XCBuildConfiguration;
			buildSettings = {
				CLANG_WARN_QUOTED_INCLUDE_IN_FRAMEWORK_HEADER = YES;
				CODE_SIGN_STYLE = Automatic;
				DEVELOPMENT_TEAM = SGKK6NT52S;
				INFOPLIST_FILE = AliceOnboardingSampleAppUITests/Info.plist;
				IPHONEOS_DEPLOYMENT_TARGET = 14.2;
				LD_RUNPATH_SEARCH_PATHS = (
					"$(inherited)",
					"@executable_path/Frameworks",
					"@loader_path/Frameworks",
				);
				PRODUCT_BUNDLE_IDENTIFIER = com.alicebiometrics.AliceOnboardingSampleAppUITests.AliceOnboardingSampleAppUITests;
				PRODUCT_NAME = "$(TARGET_NAME)";
				SWIFT_VERSION = 5.0;
				TARGETED_DEVICE_FAMILY = "1,2";
				TEST_TARGET_NAME = AliceOnboardingSampleApp;
			};
			name = Release;
		};
/* End XCBuildConfiguration section */

/* Begin XCConfigurationList section */
		40C75A1022D68064000950E2 /* Build configuration list for PBXProject "AliceOnboardingSampleApp" */ = {
			isa = XCConfigurationList;
			buildConfigurations = (
				40C75A3022D68065000950E2 /* Debug */,
				40C75A3122D68065000950E2 /* Release */,
			);
			defaultConfigurationIsVisible = 0;
			defaultConfigurationName = Release;
		};
		40C75A3222D68065000950E2 /* Build configuration list for PBXNativeTarget "AliceOnboardingSampleApp" */ = {
			isa = XCConfigurationList;
			buildConfigurations = (
				40C75A3322D68065000950E2 /* Debug */,
				40C75A3422D68065000950E2 /* Release */,
			);
			defaultConfigurationIsVisible = 0;
			defaultConfigurationName = Release;
		};
		F64C7C65257E3F15004492B3 /* Build configuration list for PBXNativeTarget "AliceOnboardingSampleAppUITests" */ = {
			isa = XCConfigurationList;
			buildConfigurations = (
				F64C7C66257E3F15004492B3 /* Debug */,
				F64C7C67257E3F15004492B3 /* Release */,
			);
			defaultConfigurationIsVisible = 0;
			defaultConfigurationName = Release;
		};
/* End XCConfigurationList section */
	};
	rootObject = 40C75A0D22D68064000950E2 /* Project object */;
}
